// !$*UTF8*$!
{
	archiveVersion = 1;
	classes = {
	};
	objectVersion = 46;
	objects = {

/* Begin PBXBuildFile section */
		1817FACC1C92643400644ABC /* main.m in Sources */ = {isa = PBXBuildFile; fileRef = 1817FACB1C92643400644ABC /* main.m */; };
		1817FACF1C92643400644ABC /* AppDelegate.m in Sources */ = {isa = PBXBuildFile; fileRef = 1817FACE1C92643400644ABC /* AppDelegate.m */; };
		1817FAD11C92643400644ABC /* Assets.xcassets in Resources */ = {isa = PBXBuildFile; fileRef = 1817FAD01C92643400644ABC /* Assets.xcassets */; };
		1817FAD41C92643400644ABC /* LaunchScreen.storyboard in Resources */ = {isa = PBXBuildFile; fileRef = 1817FAD21C92643400644ABC /* LaunchScreen.storyboard */; };
		1817FADF1C92643500644ABC /* DoooodleTests.m in Sources */ = {isa = PBXBuildFile; fileRef = 1817FADE1C92643500644ABC /* DoooodleTests.m */; };
		1817FAEA1C92643500644ABC /* DoooodleUITests.m in Sources */ = {isa = PBXBuildFile; fileRef = 1817FAE91C92643500644ABC /* DoooodleUITests.m */; };
		1817FAF91C92651800644ABC /* CAJLine.m in Sources */ = {isa = PBXBuildFile; fileRef = 1817FAF81C92651800644ABC /* CAJLine.m */; };
		1817FAFC1C92675100644ABC /* CAJDrawView.m in Sources */ = {isa = PBXBuildFile; fileRef = 1817FAFB1C92675100644ABC /* CAJDrawView.m */; };
		1817FAFF1C92681200644ABC /* CAJDrawViewController.m in Sources */ = {isa = PBXBuildFile; fileRef = 1817FAFE1C92681200644ABC /* CAJDrawViewController.m */; };
/* End PBXBuildFile section */

/* Begin PBXContainerItemProxy section */
		1817FADB1C92643500644ABC /* PBXContainerItemProxy */ = {
			isa = PBXContainerItemProxy;
			containerPortal = 1817FABF1C92643200644ABC /* Project object */;
			proxyType = 1;
			remoteGlobalIDString = 1817FAC61C92643300644ABC;
			remoteInfo = Doooodle;
		};
		1817FAE61C92643500644ABC /* PBXContainerItemProxy */ = {
			isa = PBXContainerItemProxy;
			containerPortal = 1817FABF1C92643200644ABC /* Project object */;
			proxyType = 1;
			remoteGlobalIDString = 1817FAC61C92643300644ABC;
			remoteInfo = Doooodle;
		};
/* End PBXContainerItemProxy section */

/* Begin PBXFileReference section */
		1817FAC71C92643400644ABC /* Doooodle.app */ = {isa = PBXFileReference; explicitFileType = wrapper.application; includeInIndex = 0; path = Doooodle.app; sourceTree = BUILT_PRODUCTS_DIR; };
		1817FACB1C92643400644ABC /* main.m */ = {isa = PBXFileReference; lastKnownFileType = sourcecode.c.objc; path = main.m; sourceTree = "<group>"; };
		1817FACD1C92643400644ABC /* AppDelegate.h */ = {isa = PBXFileReference; lastKnownFileType = sourcecode.c.h; path = AppDelegate.h; sourceTree = "<group>"; };
		1817FACE1C92643400644ABC /* AppDelegate.m */ = {isa = PBXFileReference; lastKnownFileType = sourcecode.c.objc; path = AppDelegate.m; sourceTree = "<group>"; };
		1817FAD01C92643400644ABC /* Assets.xcassets */ = {isa = PBXFileReference; lastKnownFileType = folder.assetcatalog; path = Assets.xcassets; sourceTree = "<group>"; };
		1817FAD31C92643400644ABC /* Base */ = {isa = PBXFileReference; lastKnownFileType = file.storyboard; name = Base; path = Base.lproj/LaunchScreen.storyboard; sourceTree = "<group>"; };
		1817FAD51C92643400644ABC /* Info.plist */ = {isa = PBXFileReference; lastKnownFileType = text.plist.xml; path = Info.plist; sourceTree = "<group>"; };
		1817FADA1C92643500644ABC /* DoooodleTests.xctest */ = {isa = PBXFileReference; explicitFileType = wrapper.cfbundle; includeInIndex = 0; path = DoooodleTests.xctest; sourceTree = BUILT_PRODUCTS_DIR; };
		1817FADE1C92643500644ABC /* DoooodleTests.m */ = {isa = PBXFileReference; lastKnownFileType = sourcecode.c.objc; path = DoooodleTests.m; sourceTree = "<group>"; };
		1817FAE01C92643500644ABC /* Info.plist */ = {isa = PBXFileReference; lastKnownFileType = text.plist.xml; path = Info.plist; sourceTree = "<group>"; };
		1817FAE51C92643500644ABC /* DoooodleUITests.xctest */ = {isa = PBXFileReference; explicitFileType = wrapper.cfbundle; includeInIndex = 0; path = DoooodleUITests.xctest; sourceTree = BUILT_PRODUCTS_DIR; };
		1817FAE91C92643500644ABC /* DoooodleUITests.m */ = {isa = PBXFileReference; lastKnownFileType = sourcecode.c.objc; path = DoooodleUITests.m; sourceTree = "<group>"; };
		1817FAEB1C92643500644ABC /* Info.plist */ = {isa = PBXFileReference; lastKnownFileType = text.plist.xml; path = Info.plist; sourceTree = "<group>"; };
		1817FAF71C92651800644ABC /* CAJLine.h */ = {isa = PBXFileReference; fileEncoding = 4; lastKnownFileType = sourcecode.c.h; path = CAJLine.h; sourceTree = "<group>"; };
		1817FAF81C92651800644ABC /* CAJLine.m */ = {isa = PBXFileReference; fileEncoding = 4; lastKnownFileType = sourcecode.c.objc; path = CAJLine.m; sourceTree = "<group>"; };
		1817FAFA1C92675100644ABC /* CAJDrawView.h */ = {isa = PBXFileReference; fileEncoding = 4; lastKnownFileType = sourcecode.c.h; path = CAJDrawView.h; sourceTree = "<group>"; };
		1817FAFB1C92675100644ABC /* CAJDrawView.m */ = {isa = PBXFileReference; fileEncoding = 4; lastKnownFileType = sourcecode.c.objc; path = CAJDrawView.m; sourceTree = "<group>"; };
		1817FAFD1C92681200644ABC /* CAJDrawViewController.h */ = {isa = PBXFileReference; fileEncoding = 4; lastKnownFileType = sourcecode.c.h; path = CAJDrawViewController.h; sourceTree = "<group>"; };
		1817FAFE1C92681200644ABC /* CAJDrawViewController.m */ = {isa = PBXFileReference; fileEncoding = 4; lastKnownFileType = sourcecode.c.objc; path = CAJDrawViewController.m; sourceTree = "<group>"; };
/* End PBXFileReference section */

/* Begin PBXFrameworksBuildPhase section */
		1817FAC41C92643300644ABC /* Frameworks */ = {
			isa = PBXFrameworksBuildPhase;
			buildActionMask = 2147483647;
			files = (
			);
			runOnlyForDeploymentPostprocessing = 0;
		};
		1817FAD71C92643500644ABC /* Frameworks */ = {
			isa = PBXFrameworksBuildPhase;
			buildActionMask = 2147483647;
			files = (
			);
			runOnlyForDeploymentPostprocessing = 0;
		};
		1817FAE21C92643500644ABC /* Frameworks */ = {
			isa = PBXFrameworksBuildPhase;
			buildActionMask = 2147483647;
			files = (
			);
			runOnlyForDeploymentPostprocessing = 0;
		};
/* End PBXFrameworksBuildPhase section */

/* Begin PBXGroup section */
		1817FABE1C92643200644ABC = {
			isa = PBXGroup;
			children = (
				1817FAC91C92643400644ABC /* Doooodle */,
				1817FADD1C92643500644ABC /* DoooodleTests */,
				1817FAE81C92643500644ABC /* DoooodleUITests */,
				1817FAC81C92643400644ABC /* Products */,
			);
			sourceTree = "<group>";
		};
		1817FAC81C92643400644ABC /* Products */ = {
			isa = PBXGroup;
			children = (
				1817FAC71C92643400644ABC /* Doooodle.app */,
				1817FADA1C92643500644ABC /* DoooodleTests.xctest */,
				1817FAE51C92643500644ABC /* DoooodleUITests.xctest */,
			);
			name = Products;
			sourceTree = "<group>";
		};
		1817FAC91C92643400644ABC /* Doooodle */ = {
			isa = PBXGroup;
			children = (
				1817FACD1C92643400644ABC /* AppDelegate.h */,
				1817FAF71C92651800644ABC /* CAJLine.h */,
				1817FAFA1C92675100644ABC /* CAJDrawView.h */,
				1817FAFD1C92681200644ABC /* CAJDrawViewController.h */,
				1817FAFE1C92681200644ABC /* CAJDrawViewController.m */,
				1817FAFB1C92675100644ABC /* CAJDrawView.m */,
				1817FAF81C92651800644ABC /* CAJLine.m */,
				1817FACE1C92643400644ABC /* AppDelegate.m */,
				1817FAD01C92643400644ABC /* Assets.xcassets */,
				1817FAD21C92643400644ABC /* LaunchScreen.storyboard */,
				1817FAD51C92643400644ABC /* Info.plist */,
				1817FACA1C92643400644ABC /* Supporting Files */,
			);
			path = Doooodle;
			sourceTree = "<group>";
		};
		1817FACA1C92643400644ABC /* Supporting Files */ = {
			isa = PBXGroup;
			children = (
				1817FACB1C92643400644ABC /* main.m */,
			);
			name = "Supporting Files";
			sourceTree = "<group>";
		};
		1817FADD1C92643500644ABC /* DoooodleTests */ = {
			isa = PBXGroup;
			children = (
				1817FADE1C92643500644ABC /* DoooodleTests.m */,
				1817FAE01C92643500644ABC /* Info.plist */,
			);
			path = DoooodleTests;
			sourceTree = "<group>";
		};
		1817FAE81C92643500644ABC /* DoooodleUITests */ = {
			isa = PBXGroup;
			children = (
				1817FAE91C92643500644ABC /* DoooodleUITests.m */,
				1817FAEB1C92643500644ABC /* Info.plist */,
			);
			path = DoooodleUITests;
			sourceTree = "<group>";
		};
/* End PBXGroup section */

/* Begin PBXNativeTarget section */
		1817FAC61C92643300644ABC /* Doooodle */ = {
			isa = PBXNativeTarget;
			buildConfigurationList = 1817FAEE1C92643500644ABC /* Build configuration list for PBXNativeTarget "Doooodle" */;
			buildPhases = (
				1817FAC31C92643300644ABC /* Sources */,
				1817FAC41C92643300644ABC /* Frameworks */,
				1817FAC51C92643300644ABC /* Resources */,
			);
			buildRules = (
			);
			dependencies = (
			);
			name = Doooodle;
			productName = Doooodle;
			productReference = 1817FAC71C92643400644ABC /* Doooodle.app */;
			productType = "com.apple.product-type.application";
		};
		1817FAD91C92643500644ABC /* DoooodleTests */ = {
			isa = PBXNativeTarget;
			buildConfigurationList = 1817FAF11C92643500644ABC /* Build configuration list for PBXNativeTarget "DoooodleTests" */;
			buildPhases = (
				1817FAD61C92643500644ABC /* Sources */,
				1817FAD71C92643500644ABC /* Frameworks */,
				1817FAD81C92643500644ABC /* Resources */,
			);
			buildRules = (
			);
			dependencies = (
				1817FADC1C92643500644ABC /* PBXTargetDependency */,
			);
			name = DoooodleTests;
			productName = DoooodleTests;
			productReference = 1817FADA1C92643500644ABC /* DoooodleTests.xctest */;
			productType = "com.apple.product-type.bundle.unit-test";
		};
		1817FAE41C92643500644ABC /* DoooodleUITests */ = {
			isa = PBXNativeTarget;
			buildConfigurationList = 1817FAF41C92643500644ABC /* Build configuration list for PBXNativeTarget "DoooodleUITests" */;
			buildPhases = (
				1817FAE11C92643500644ABC /* Sources */,
				1817FAE21C92643500644ABC /* Frameworks */,
				1817FAE31C92643500644ABC /* Resources */,
			);
			buildRules = (
			);
			dependencies = (
				1817FAE71C92643500644ABC /* PBXTargetDependency */,
			);
			name = DoooodleUITests;
			productName = DoooodleUITests;
			productReference = 1817FAE51C92643500644ABC /* DoooodleUITests.xctest */;
			productType = "com.apple.product-type.bundle.ui-testing";
		};
/* End PBXNativeTarget section */

/* Begin PBXProject section */
		1817FABF1C92643200644ABC /* Project object */ = {
			isa = PBXProject;
			attributes = {
				LastUpgradeCheck = 0720;
				ORGANIZATIONNAME = angieShroom;
				TargetAttributes = {
					1817FAC61C92643300644ABC = {
						CreatedOnToolsVersion = 7.2;
						DevelopmentTeam = H6AC69C3P6;
					};
					1817FAD91C92643500644ABC = {
						CreatedOnToolsVersion = 7.2;
						DevelopmentTeam = H6AC69C3P6;
						TestTargetID = 1817FAC61C92643300644ABC;
					};
					1817FAE41C92643500644ABC = {
						CreatedOnToolsVersion = 7.2;
						DevelopmentTeam = H6AC69C3P6;
						TestTargetID = 1817FAC61C92643300644ABC;
					};
				};
			};
			buildConfigurationList = 1817FAC21C92643200644ABC /* Build configuration list for PBXProject "Doooodle" */;
			compatibilityVersion = "Xcode 3.2";
			developmentRegion = English;
			hasScannedForEncodings = 0;
			knownRegions = (
				en,
				Base,
			);
			mainGroup = 1817FABE1C92643200644ABC;
			productRefGroup = 1817FAC81C92643400644ABC /* Products */;
			projectDirPath = "";
			projectRoot = "";
			targets = (
				1817FAC61C92643300644ABC /* Doooodle */,
				1817FAD91C92643500644ABC /* DoooodleTests */,
				1817FAE41C92643500644ABC /* DoooodleUITests */,
			);
		};
/* End PBXProject section */

/* Begin PBXResourcesBuildPhase section */
		1817FAC51C92643300644ABC /* Resources */ = {
			isa = PBXResourcesBuildPhase;
			buildActionMask = 2147483647;
			files = (
				1817FAD11C92643400644ABC /* Assets.xcassets in Resources */,
				1817FAD41C92643400644ABC /* LaunchScreen.storyboard in Resources */,
			);
			runOnlyForDeploymentPostprocessing = 0;
		};
		1817FAD81C92643500644ABC /* Resources */ = {
			isa = PBXResourcesBuildPhase;
			buildActionMask = 2147483647;
			files = (
			);
			runOnlyForDeploymentPostprocessing = 0;
		};
		1817FAE31C92643500644ABC /* Resources */ = {
			isa = PBXResourcesBuildPhase;
			buildActionMask = 2147483647;
			files = (
			);
			runOnlyForDeploymentPostprocessing = 0;
		};
/* End PBXResourcesBuildPhase section */

/* Begin PBXSourcesBuildPhase section */
		1817FAC31C92643300644ABC /* Sources */ = {
			isa = PBXSourcesBuildPhase;
			buildActionMask = 2147483647;
			files = (
				1817FAF91C92651800644ABC /* CAJLine.m in Sources */,
				1817FACF1C92643400644ABC /* AppDelegate.m in Sources */,
				1817FAFF1C92681200644ABC /* CAJDrawViewController.m in Sources */,
				1817FACC1C92643400644ABC /* main.m in Sources */,
				1817FAFC1C92675100644ABC /* CAJDrawView.m in Sources */,
			);
			runOnlyForDeploymentPostprocessing = 0;
		};
		1817FAD61C92643500644ABC /* Sources */ = {
			isa = PBXSourcesBuildPhase;
			buildActionMask = 2147483647;
			files = (
				1817FADF1C92643500644ABC /* DoooodleTests.m in Sources */,
			);
			runOnlyForDeploymentPostprocessing = 0;
		};
		1817FAE11C92643500644ABC /* Sources */ = {
			isa = PBXSourcesBuildPhase;
			buildActionMask = 2147483647;
			files = (
				1817FAEA1C92643500644ABC /* DoooodleUITests.m in Sources */,
			);
			runOnlyForDeploymentPostprocessing = 0;
		};
/* End PBXSourcesBuildPhase section */

/* Begin PBXTargetDependency section */
		1817FADC1C92643500644ABC /* PBXTargetDependency */ = {
			isa = PBXTargetDependency;
			target = 1817FAC61C92643300644ABC /* Doooodle */;
			targetProxy = 1817FADB1C92643500644ABC /* PBXContainerItemProxy */;
		};
		1817FAE71C92643500644ABC /* PBXTargetDependency */ = {
			isa = PBXTargetDependency;
			target = 1817FAC61C92643300644ABC /* Doooodle */;
			targetProxy = 1817FAE61C92643500644ABC /* PBXContainerItemProxy */;
		};
/* End PBXTargetDependency section */

/* Begin PBXVariantGroup section */
		1817FAD21C92643400644ABC /* LaunchScreen.storyboard */ = {
			isa = PBXVariantGroup;
			children = (
				1817FAD31C92643400644ABC /* Base */,
			);
			name = LaunchScreen.storyboard;
			sourceTree = "<group>";
		};
/* End PBXVariantGroup section */

/* Begin XCBuildConfiguration section */
		1817FAEC1C92643500644ABC /* Debug */ = {
			isa = XCBuildConfiguration;
			buildSettings = {
				ALWAYS_SEARCH_USER_PATHS = NO;
				CLANG_CXX_LANGUAGE_STANDARD = "gnu++0x";
				CLANG_CXX_LIBRARY = "libc++";
				CLANG_ENABLE_MODULES = YES;
				CLANG_ENABLE_OBJC_ARC = YES;
				CLANG_WARN_BOOL_CONVERSION = YES;
				CLANG_WARN_CONSTANT_CONVERSION = YES;
				CLANG_WARN_DIRECT_OBJC_ISA_USAGE = YES_ERROR;
				CLANG_WARN_EMPTY_BODY = YES;
				CLANG_WARN_ENUM_CONVERSION = YES;
				CLANG_WARN_INT_CONVERSION = YES;
				CLANG_WARN_OBJC_ROOT_CLASS = YES_ERROR;
				CLANG_WARN_UNREACHABLE_CODE = YES;
				CLANG_WARN__DUPLICATE_METHOD_MATCH = YES;
				"CODE_SIGN_IDENTITY[sdk=iphoneos*]" = "iPhone Developer";
				COPY_PHASE_STRIP = NO;
				DEBUG_INFORMATION_FORMAT = dwarf;
				ENABLE_STRICT_OBJC_MSGSEND = YES;
				ENABLE_TESTABILITY = YES;
				GCC_C_LANGUAGE_STANDARD = gnu99;
				GCC_DYNAMIC_NO_PIC = NO;
				GCC_NO_COMMON_BLOCKS = YES;
				GCC_OPTIMIZATION_LEVEL = 0;
				GCC_PREPROCESSOR_DEFINITIONS = (
					"DEBUG=1",
					"$(inherited)",
				);
				GCC_WARN_64_TO_32_BIT_CONVERSION = YES;
				GCC_WARN_ABOUT_RETURN_TYPE = YES_ERROR;
				GCC_WARN_UNDECLARED_SELECTOR = YES;
				GCC_WARN_UNINITIALIZED_AUTOS = YES_AGGRESSIVE;
				GCC_WARN_UNUSED_FUNCTION = YES;
				GCC_WARN_UNUSED_VARIABLE = YES;
				IPHONEOS_DEPLOYMENT_TARGET = 9.2;
				MTL_ENABLE_DEBUG_INFO = YES;
				ONLY_ACTIVE_ARCH = YES;
				SDKROOT = iphoneos;
			};
			name = Debug;
		};
		1817FAED1C92643500644ABC /* Release */ = {
			isa = XCBuildConfiguration;
			buildSettings = {
				ALWAYS_SEARCH_USER_PATHS = NO;
				CLANG_CXX_LANGUAGE_STANDARD = "gnu++0x";
				CLANG_CXX_LIBRARY = "libc++";
				CLANG_ENABLE_MODULES = YES;
				CLANG_ENABLE_OBJC_ARC = YES;
				CLANG_WARN_BOOL_CONVERSION = YES;
				CLANG_WARN_CONSTANT_CONVERSION = YES;
				CLANG_WARN_DIRECT_OBJC_ISA_USAGE = YES_ERROR;
				CLANG_WARN_EMPTY_BODY = YES;
				CLANG_WARN_ENUM_CONVERSION = YES;
				CLANG_WARN_INT_CONVERSION = YES;
				CLANG_WARN_OBJC_ROOT_CLASS = YES_ERROR;
				CLANG_WARN_UNREACHABLE_CODE = YES;
				CLANG_WARN__DUPLICATE_METHOD_MATCH = YES;
				"CODE_SIGN_IDENTITY[sdk=iphoneos*]" = "iPhone Developer";
				COPY_PHASE_STRIP = NO;
				DEBUG_INFORMATION_FORMAT = "dwarf-with-dsym";
				ENABLE_NS_ASSERTIONS = NO;
				ENABLE_STRICT_OBJC_MSGSEND = YES;
				GCC_C_LANGUAGE_STANDARD = gnu99;
				GCC_NO_COMMON_BLOCKS = YES;
				GCC_WARN_64_TO_32_BIT_CONVERSION = YES;
				GCC_WARN_ABOUT_RETURN_TYPE = YES_ERROR;
				GCC_WARN_UNDECLARED_SELECTOR = YES;
				GCC_WARN_UNINITIALIZED_AUTOS = YES_AGGRESSIVE;
				GCC_WARN_UNUSED_FUNCTION = YES;
				GCC_WARN_UNUSED_VARIABLE = YES;
				IPHONEOS_DEPLOYMENT_TARGET = 9.2;
				MTL_ENABLE_DEBUG_INFO = NO;
				SDKROOT = iphoneos;
				VALIDATE_PRODUCT = YES;
			};
			name = Release;
		};
		1817FAEF1C92643500644ABC /* Debug */ = {
			isa = XCBuildConfiguration;
			buildSettings = {
				ASSETCATALOG_COMPILER_APPICON_NAME = AppIcon;
				INFOPLIST_FILE = Doooodle/Info.plist;
				LD_RUNPATH_SEARCH_PATHS = "$(inherited) @executable_path/Frameworks";
				PRODUCT_BUNDLE_IDENTIFIER = angieShroom.Doooodle;
				PRODUCT_NAME = "$(TARGET_NAME)";
			};
			name = Debug;
		};
		1817FAF01C92643500644ABC /* Release */ = {
			isa = XCBuildConfiguration;
			buildSettings = {
				ASSETCATALOG_COMPILER_APPICON_NAME = AppIcon;
				INFOPLIST_FILE = Doooodle/Info.plist;
				LD_RUNPATH_SEARCH_PATHS = "$(inherited) @executable_path/Frameworks";
				PRODUCT_BUNDLE_IDENTIFIER = angieShroom.Doooodle;
				PRODUCT_NAME = "$(TARGET_NAME)";
			};
			name = Release;
		};
		1817FAF21C92643500644ABC /* Debug */ = {
			isa = XCBuildConfiguration;
			buildSettings = {
				BUNDLE_LOADER = "$(TEST_HOST)";
				INFOPLIST_FILE = DoooodleTests/Info.plist;
				LD_RUNPATH_SEARCH_PATHS = "$(inherited) @executable_path/Frameworks @loader_path/Frameworks";
				PRODUCT_BUNDLE_IDENTIFIER = angieShroom.DoooodleTests;
				PRODUCT_NAME = "$(TARGET_NAME)";
				TEST_HOST = "$(BUILT_PRODUCTS_DIR)/Doooodle.app/Doooodle";
			};
			name = Debug;
		};
		1817FAF31C92643500644ABC /* Release */ = {
			isa = XCBuildConfiguration;
			buildSettings = {
				BUNDLE_LOADER = "$(TEST_HOST)";
				INFOPLIST_FILE = DoooodleTests/Info.plist;
				LD_RUNPATH_SEARCH_PATHS = "$(inherited) @executable_path/Frameworks @loader_path/Frameworks";
				PRODUCT_BUNDLE_IDENTIFIER = angieShroom.DoooodleTests;
				PRODUCT_NAME = "$(TARGET_NAME)";
				TEST_HOST = "$(BUILT_PRODUCTS_DIR)/Doooodle.app/Doooodle";
			};
			name = Release;
		};
		1817FAF51C92643500644ABC /* Debug */ = {
			isa = XCBuildConfiguration;
			buildSettings = {
				INFOPLIST_FILE = DoooodleUITests/Info.plist;
				LD_RUNPATH_SEARCH_PATHS = "$(inherited) @executable_path/Frameworks @loader_path/Frameworks";
				PRODUCT_BUNDLE_IDENTIFIER = angieShroom.DoooodleUITests;
				PRODUCT_NAME = "$(TARGET_NAME)";
				TEST_TARGET_NAME = Doooodle;
				USES_XCTRUNNER = YES;
			};
			name = Debug;
		};
		1817FAF61C92643500644ABC /* Release */ = {
			isa = XCBuildConfiguration;
			buildSettings = {
				INFOPLIST_FILE = DoooodleUITests/Info.plist;
				LD_RUNPATH_SEARCH_PATHS = "$(inherited) @executable_path/Frameworks @loader_path/Frameworks";
				PRODUCT_BUNDLE_IDENTIFIER = angieShroom.DoooodleUITests;
				PRODUCT_NAME = "$(TARGET_NAME)";
				TEST_TARGET_NAME = Doooodle;
				USES_XCTRUNNER = YES;
			};
			name = Release;
		};
/* End XCBuildConfiguration section */

/* Begin XCConfigurationList section */
		1817FAC21C92643200644ABC /* Build configuration list for PBXProject "Doooodle" */ = {
			isa = XCConfigurationList;
			buildConfigurations = (
				1817FAEC1C92643500644ABC /* Debug */,
				1817FAED1C92643500644ABC /* Release */,
			);
			defaultConfigurationIsVisible = 0;
			defaultConfigurationName = Release;
		};
		1817FAEE1C92643500644ABC /* Build configuration list for PBXNativeTarget "Doooodle" */ = {
			isa = XCConfigurationList;
			buildConfigurations = (
				1817FAEF1C92643500644ABC /* Debug */,
				1817FAF01C92643500644ABC /* Release */,
			);
			defaultConfigurationIsVisible = 0;
		};
		1817FAF11C92643500644ABC /* Build configuration list for PBXNativeTarget "DoooodleTests" */ = {
			isa = XCConfigurationList;
			buildConfigurations = (
				1817FAF21C92643500644ABC /* Debug */,
				1817FAF31C92643500644ABC /* Release */,
			);
			defaultConfigurationIsVisible = 0;
		};
		1817FAF41C92643500644ABC /* Build configuration list for PBXNativeTarget "DoooodleUITests" */ = {
			isa = XCConfigurationList;
			buildConfigurations = (
				1817FAF51C92643500644ABC /* Debug */,
				1817FAF61C92643500644ABC /* Release */,
			);
			defaultConfigurationIsVisible = 0;
		};
/* End XCConfigurationList section */
	};
	rootObject = 1817FABF1C92643200644ABC /* Project object */;
}
